
Microsoft Visual Studio Solution File, Format Version 12.00
# Visual Studio Version 17
VisualStudioVersion = 17.14.36401.2
MinimumVisualStudioVersion = 10.0.40219.1
Project("{2150E333-8FDC-42A3-9474-1A3956D46DE8}") = "src", "src", "{02EA681E-C7D8-13C7-8484-4AC65E1B71E8}"
EndProject
Project("{2150E333-8FDC-42A3-9474-1A3956D46DE8}") = "Gateway.Framework", "Gateway.Framework", "{B1B8279E-0A79-48F1-955F-8402D93868E1}"
EndProject
Project("{2150E333-8FDC-42A3-9474-1A3956D46DE8}") = "Core", "Core", "{D6722442-722F-4EE5-BBAF-6ACD56D45B33}"
EndProject
Project("{2150E333-8FDC-42A3-9474-1A3956D46DE8}") = "Shared", "Shared", "{D9A287E1-8842-4920-A8D8-89309506C4A9}"
EndProject
Project("{2150E333-8FDC-42A3-9474-1A3956D46DE8}") = "Infrastructure", "Infrastructure", "{03FC17AC-C84F-4BFB-8E08-30C0B7363387}"
EndProject
Project("{2150E333-8FDC-42A3-9474-1A3956D46DE8}") = "Security", "Security", "{3CD8D1A3-D33C-4568-94C4-3B68565AAA28}"
EndProject
Project("{2150E333-8FDC-42A3-9474-1A3956D46DE8}") = "Logging", "Logging", "{94C17703-4F2D-42A5-B25D-5C9A136A5B92}"
EndProject
Project("{2150E333-8FDC-42A3-9474-1A3956D46DE8}") = "Monitoring", "Monitoring", "{2F3978BB-711A-40C3-BD74-04F828BBEB1A}"
EndProject
Project("{2150E333-8FDC-42A3-9474-1A3956D46DE8}") = "Resilience", "Resilience", "{0376A748-54BB-48AF-BF5E-BECCDA13E1EC}"
EndProject
Project("{2150E333-8FDC-42A3-9474-1A3956D46DE8}") = "Gateway", "Gateway", "{A91076E1-B730-4897-B1AC-7A7937C611A1}"
EndProject
Project("{2150E333-8FDC-42A3-9474-1A3956D46DE8}") = "Gateway.Host", "Gateway.Host", "{870BAA46-C4BA-4B70-AD21-71577F42A755}"
EndProject
Project("{2150E333-8FDC-42A3-9474-1A3956D46DE8}") = "tests", "tests", "{D14B9A9B-4D4F-4B77-A6DE-DA10E6F665F6}"
EndProject
Project("{FAE04EC0-301F-11D3-BF4B-00C04F79EFBC}") = "Gateway.Framework.Core", "Gateway.Framework.Core\Gateway.Framework.Core.csproj", "{0978C431-923B-4A4A-A92D-24F57BCFD3A1}"
EndProject
Project("{FAE04EC0-301F-11D3-BF4B-00C04F79EFBC}") = "Gateway.Framework.Shared", "Gateway.Framework.Shared\Gateway.Framework.Shared.csproj", "{2C24DC92-C557-417C-B9D5-34D99EC32F33}"
EndProject
Project("{FAE04EC0-301F-11D3-BF4B-00C04F79EFBC}") = "Gateway.Framework.Infrastructure", "Gateway.Framework.Infrastructure\Gateway.Framework.Infrastructure.csproj", "{B100B8E6-3E67-49C0-AA17-6C366196415D}"
EndProject
Project("{FAE04EC0-301F-11D3-BF4B-00C04F79EFBC}") = "Gateway.Framework.Security", "Gateway.Framework.Security\Gateway.Framework.Security.csproj", "{68B783CE-50ED-4BB8-96E5-35781FD50FAA}"
EndProject
Project("{FAE04EC0-301F-11D3-BF4B-00C04F79EFBC}") = "Gateway.Framework.Logging", "Gateway.Framework.Logging\Gateway.Framework.Logging.csproj", "{62FE8234-44BE-42DF-9068-75CCCD8F0700}"
EndProject
Project("{FAE04EC0-301F-11D3-BF4B-00C04F79EFBC}") = "Gateway.Framework.Monitoring", "Gateway.Framework.Monitoring\Gateway.Framework.Monitoring.csproj", "{11274C90-E1CB-4AB0-9153-B5D22C694B9F}"
EndProject
Project("{FAE04EC0-301F-11D3-BF4B-00C04F79EFBC}") = "Gateway.Framework.Resilience", "Gateway.Framework.Resilience\Gateway.Framework.Resilience.csproj", "{E5AE55C4-A185-44C3-84BB-E5D475C941DE}"
EndProject
Project("{FAE04EC0-301F-11D3-BF4B-00C04F79EFBC}") = "Gateway.Framework.Gateway", "Gateway.Framework.Gateway\Gateway.Framework.Gateway.csproj", "{A0D689AE-2660-45D5-9F27-004544BFC118}"
EndProject
Project("{FAE04EC0-301F-11D3-BF4B-00C04F79EFBC}") = "Gateway.Host", "Gateway.Host\Gateway.Host.csproj", "{D1678B90-8FAD-4B15-96C1-45C75A828A72}"
EndProject
Project("{FAE04EC0-301F-11D3-BF4B-00C04F79EFBC}") = "Gateway.Tests.Unit", "Gateway.Tests.Unit\Gateway.Tests.Unit.csproj", "{4128AC78-8178-4510-8A52-FB6E28883859}"
EndProject
Project("{FAE04EC0-301F-11D3-BF4B-00C04F79EFBC}") = "Gateway.Tests.Integration", "Gateway.Tests.Integration\Gateway.Tests.Integration.csproj", "{B8E4F2A1-3C5D-4E7F-9A1B-2D4C6E8F0A12}"
EndProject
Project("{2150E333-8FDC-42A3-9474-1A3956D46DE8}") = "Plugins", "Plugins", "{C1D2E3F4-A5B6-7890-1234-567890ABCDEF}"
EndProject
Project("{FAE04EC0-301F-11D3-BF4B-00C04F79EFBC}") = "Gateway.Framework.Plugins", "Gateway.Framework.Plugins\Gateway.Framework.Plugins.csproj", "{F1A2B3C4-D5E6-7890-ABCD-EF1234567890}"
EndProject
Project("{2150E333-8FDC-42A3-9474-1A3956D46DE8}") = "Bank1", "Bank1", "{A1B2C3D4-E5F6-7890-ABCD-EF1234567891}"
EndProject
Project("{FAE04EC0-301F-11D3-BF4B-00C04F79EFBC}") = "Gateway.Bank.Bank1", "plugins\Bank1\Gateway.Bank.Bank1\Gateway.Bank.Bank1.csproj", "{B1C2D3E4-F5A6-7890-BCDE-F12345678901}"
EndProject
Project("{2150E333-8FDC-42A3-9474-1A3956D46DE8}") = "Bank2", "Bank2", "{A2B3C4D5-E6F7-8901-BCDE-F12345678902}"
EndProject
Project("{FAE04EC0-301F-11D3-BF4B-00C04F79EFBC}") = "Gateway.Bank.Bank2", "plugins\Bank2\Gateway.Bank.Bank2\Gateway.Bank.Bank2.csproj", "{B2C3D4E5-F6A7-8901-CDEF-123456789012}"
EndProject
Global
	GlobalSection(SolutionConfigurationPlatforms) = preSolution
		Debug|Any CPU = Debug|Any CPU
		Release|Any CPU = Release|Any CPU
	EndGlobalSection
	GlobalSection(ProjectConfigurationPlatforms) = postSolution
		{0978C431-923B-4A4A-A92D-24F57BCFD3A1}.Debug|Any CPU.ActiveCfg = Debug|Any CPU
		{0978C431-923B-4A4A-A92D-24F57BCFD3A1}.Debug|Any CPU.Build.0 = Debug|Any CPU
		{0978C431-923B-4A4A-A92D-24F57BCFD3A1}.Release|Any CPU.ActiveCfg = Release|Any CPU
		{0978C431-923B-4A4A-A92D-24F57BCFD3A1}.Release|Any CPU.Build.0 = Release|Any CPU
		{2C24DC92-C557-417C-B9D5-34D99EC32F33}.Debug|Any CPU.ActiveCfg = Debug|Any CPU
		{2C24DC92-C557-417C-B9D5-34D99EC32F33}.Debug|Any CPU.Build.0 = Debug|Any CPU
		{2C24DC92-C557-417C-B9D5-34D99EC32F33}.Release|Any CPU.ActiveCfg = Release|Any CPU
		{2C24DC92-C557-417C-B9D5-34D99EC32F33}.Release|Any CPU.Build.0 = Release|Any CPU
		{B100B8E6-3E67-49C0-AA17-6C366196415D}.Debug|Any CPU.ActiveCfg = Debug|Any CPU
		{B100B8E6-3E67-49C0-AA17-6C366196415D}.Debug|Any CPU.Build.0 = Debug|Any CPU
		{B100B8E6-3E67-49C0-AA17-6C366196415D}.Release|Any CPU.ActiveCfg = Release|Any CPU
		{B100B8E6-3E67-49C0-AA17-6C366196415D}.Release|Any CPU.Build.0 = Release|Any CPU
		{68B783CE-50ED-4BB8-96E5-35781FD50FAA}.Debug|Any CPU.ActiveCfg = Debug|Any CPU
		{68B783CE-50ED-4BB8-96E5-35781FD50FAA}.Debug|Any CPU.Build.0 = Debug|Any CPU
		{68B783CE-50ED-4BB8-96E5-35781FD50FAA}.Release|Any CPU.ActiveCfg = Release|Any CPU
		{68B783CE-50ED-4BB8-96E5-35781FD50FAA}.Release|Any CPU.Build.0 = Release|Any CPU
		{62FE8234-44BE-42DF-9068-75CCCD8F0700}.Debug|Any CPU.ActiveCfg = Debug|Any CPU
		{62FE8234-44BE-42DF-9068-75CCCD8F0700}.Debug|Any CPU.Build.0 = Debug|Any CPU
		{62FE8234-44BE-42DF-9068-75CCCD8F0700}.Release|Any CPU.ActiveCfg = Release|Any CPU
		{62FE8234-44BE-42DF-9068-75CCCD8F0700}.Release|Any CPU.Build.0 = Release|Any CPU
		{11274C90-E1CB-4AB0-9153-B5D22C694B9F}.Debug|Any CPU.ActiveCfg = Debug|Any CPU
		{11274C90-E1CB-4AB0-9153-B5D22C694B9F}.Debug|Any CPU.Build.0 = Debug|Any CPU
		{11274C90-E1CB-4AB0-9153-B5D22C694B9F}.Release|Any CPU.ActiveCfg = Release|Any CPU
		{11274C90-E1CB-4AB0-9153-B5D22C694B9F}.Release|Any CPU.Build.0 = Release|Any CPU
		{E5AE55C4-A185-44C3-84BB-E5D475C941DE}.Debug|Any CPU.ActiveCfg = Debug|Any CPU
		{E5AE55C4-A185-44C3-84BB-E5D475C941DE}.Debug|Any CPU.Build.0 = Debug|Any CPU
		{E5AE55C4-A185-44C3-84BB-E5D475C941DE}.Release|Any CPU.ActiveCfg = Release|Any CPU
		{E5AE55C4-A185-44C3-84BB-E5D475C941DE}.Release|Any CPU.Build.0 = Release|Any CPU
		{A0D689AE-2660-45D5-9F27-004544BFC118}.Debug|Any CPU.ActiveCfg = Debug|Any CPU
		{A0D689AE-2660-45D5-9F27-004544BFC118}.Debug|Any CPU.Build.0 = Debug|Any CPU
		{A0D689AE-2660-45D5-9F27-004544BFC118}.Release|Any CPU.ActiveCfg = Release|Any CPU
		{A0D689AE-2660-45D5-9F27-004544BFC118}.Release|Any CPU.Build.0 = Release|Any CPU
		{D1678B90-8FAD-4B15-96C1-45C75A828A72}.Debug|Any CPU.ActiveCfg = Debug|Any CPU
		{D1678B90-8FAD-4B15-96C1-45C75A828A72}.Debug|Any CPU.Build.0 = Debug|Any CPU
		{D1678B90-8FAD-4B15-96C1-45C75A828A72}.Release|Any CPU.ActiveCfg = Release|Any CPU
		{D1678B90-8FAD-4B15-96C1-45C75A828A72}.Release|Any CPU.Build.0 = Release|Any CPU
		{4128AC78-8178-4510-8A52-FB6E28883859}.Debug|Any CPU.ActiveCfg = Debug|Any CPU
		{4128AC78-8178-4510-8A52-FB6E28883859}.Debug|Any CPU.Build.0 = Debug|Any CPU
		{4128AC78-8178-4510-8A52-FB6E28883859}.Release|Any CPU.ActiveCfg = Release|Any CPU
		{4128AC78-8178-4510-8A52-FB6E28883859}.Release|Any CPU.Build.0 = Release|Any CPU
		{B8E4F2A1-3C5D-4E7F-9A1B-2D4C6E8F0A12}.Debug|Any CPU.ActiveCfg = Debug|Any CPU
		{B8E4F2A1-3C5D-4E7F-9A1B-2D4C6E8F0A12}.Debug|Any CPU.Build.0 = Debug|Any CPU
		{B8E4F2A1-3C5D-4E7F-9A1B-2D4C6E8F0A12}.Release|Any CPU.ActiveCfg = Release|Any CPU
		{B8E4F2A1-3C5D-4E7F-9A1B-2D4C6E8F0A12}.Release|Any CPU.Build.0 = Release|Any CPU
		{F1A2B3C4-D5E6-7890-ABCD-EF1234567890}.Debug|Any CPU.ActiveCfg = Debug|Any CPU
		{F1A2B3C4-D5E6-7890-ABCD-EF1234567890}.Debug|Any CPU.Build.0 = Debug|Any CPU
		{F1A2B3C4-D5E6-7890-ABCD-EF1234567890}.Release|Any CPU.ActiveCfg = Release|Any CPU
		{F1A2B3C4-D5E6-7890-ABCD-EF1234567890}.Release|Any CPU.Build.0 = Release|Any CPU
		{B1C2D3E4-F5A6-7890-BCDE-F12345678901}.Debug|Any CPU.ActiveCfg = Debug|Any CPU
		{B1C2D3E4-F5A6-7890-BCDE-F12345678901}.Debug|Any CPU.Build.0 = Debug|Any CPU
		{B1C2D3E4-F5A6-7890-BCDE-F12345678901}.Release|Any CPU.ActiveCfg = Release|Any CPU
		{B1C2D3E4-F5A6-7890-BCDE-F12345678901}.Release|Any CPU.Build.0 = Release|Any CPU
		{B2C3D4E5-F6A7-8901-CDEF-123456789012}.Debug|Any CPU.ActiveCfg = Debug|Any CPU
		{B2C3D4E5-F6A7-8901-CDEF-123456789012}.Debug|Any CPU.Build.0 = Debug|Any CPU
		{B2C3D4E5-F6A7-8901-CDEF-123456789012}.Release|Any CPU.ActiveCfg = Release|Any CPU
		{B2C3D4E5-F6A7-8901-CDEF-123456789012}.Release|Any CPU.Build.0 = Release|Any CPU
		{F1A2B3C4-D5E6-7890-ABCD-EF1234567890}.Debug|Any CPU.ActiveCfg = Debug|Any CPU
		{F1A2B3C4-D5E6-7890-ABCD-EF1234567890}.Debug|Any CPU.Build.0 = Debug|Any CPU
		{F1A2B3C4-D5E6-7890-ABCD-EF1234567890}.Release|Any CPU.ActiveCfg = Release|Any CPU
		{F1A2B3C4-D5E6-7890-ABCD-EF1234567890}.Release|Any CPU.Build.0 = Release|Any CPU
		{B1C2D3E4-F5A6-7890-BCDE-F12345678901}.Debug|Any CPU.ActiveCfg = Debug|Any CPU
		{B1C2D3E4-F5A6-7890-BCDE-F12345678901}.Debug|Any CPU.Build.0 = Debug|Any CPU
		{B1C2D3E4-F5A6-7890-BCDE-F12345678901}.Release|Any CPU.ActiveCfg = Release|Any CPU
		{B1C2D3E4-F5A6-7890-BCDE-F12345678901}.Release|Any CPU.Build.0 = Release|Any CPU
		{B2C3D4E5-F6A7-8901-CDEF-123456789012}.Debug|Any CPU.ActiveCfg = Debug|Any CPU
		{B2C3D4E5-F6A7-8901-CDEF-123456789012}.Debug|Any CPU.Build.0 = Debug|Any CPU
		{B2C3D4E5-F6A7-8901-CDEF-123456789012}.Release|Any CPU.ActiveCfg = Release|Any CPU
		{B2C3D4E5-F6A7-8901-CDEF-123456789012}.Release|Any CPU.Build.0 = Release|Any CPU
	EndGlobalSection
	GlobalSection(SolutionProperties) = preSolution
		HideSolutionNode = FALSE
	EndGlobalSection
	GlobalSection(NestedProjects) = preSolution
		{B1B8279E-0A79-48F1-955F-8402D93868E1} = {02EA681E-C7D8-13C7-8484-4AC65E1B71E8}
		{D6722442-722F-4EE5-BBAF-6ACD56D45B33} = {B1B8279E-0A79-48F1-955F-8402D93868E1}
		{D9A287E1-8842-4920-A8D8-89309506C4A9} = {B1B8279E-0A79-48F1-955F-8402D93868E1}
		{03FC17AC-C84F-4BFB-8E08-30C0B7363387} = {B1B8279E-0A79-48F1-955F-8402D93868E1}
		{3CD8D1A3-D33C-4568-94C4-3B68565AAA28} = {B1B8279E-0A79-48F1-955F-8402D93868E1}
		{94C17703-4F2D-42A5-B25D-5C9A136A5B92} = {B1B8279E-0A79-48F1-955F-8402D93868E1}
		{2F3978BB-711A-40C3-BD74-04F828BBEB1A} = {B1B8279E-0A79-48F1-955F-8402D93868E1}
		{0376A748-54BB-48AF-BF5E-BECCDA13E1EC} = {B1B8279E-0A79-48F1-955F-8402D93868E1}
		{A91076E1-B730-4897-B1AC-7A7937C611A1} = {B1B8279E-0A79-48F1-955F-8402D93868E1}
		{870BAA46-C4BA-4B70-AD21-71577F42A755} = {02EA681E-C7D8-13C7-8484-4AC65E1B71E8}
		{0978C431-923B-4A4A-A92D-24F57BCFD3A1} = {D6722442-722F-4EE5-BBAF-6ACD56D45B33}
		{2C24DC92-C557-417C-B9D5-34D99EC32F33} = {D9A287E1-8842-4920-A8D8-89309506C4A9}
		{B100B8E6-3E67-49C0-AA17-6C366196415D} = {03FC17AC-C84F-4BFB-8E08-30C0B7363387}
		{68B783CE-50ED-4BB8-96E5-35781FD50FAA} = {3CD8D1A3-D33C-4568-94C4-3B68565AAA28}
		{62FE8234-44BE-42DF-9068-75CCCD8F0700} = {94C17703-4F2D-42A5-B25D-5C9A136A5B92}
		{11274C90-E1CB-4AB0-9153-B5D22C694B9F} = {2F3978BB-711A-40C3-BD74-04F828BBEB1A}
		{E5AE55C4-A185-44C3-84BB-E5D475C941DE} = {0376A748-54BB-48AF-BF5E-BECCDA13E1EC}
		{A0D689AE-2660-45D5-9F27-004544BFC118} = {A91076E1-B730-4897-B1AC-7A7937C611A1}
		{D1678B90-8FAD-4B15-96C1-45C75A828A72} = {870BAA46-C4BA-4B70-AD21-71577F42A755}
		{4128AC78-8178-4510-8A52-FB6E28883859} = {D14B9A9B-4D4F-4B77-A6DE-DA10E6F665F6}
		{B8E4F2A1-3C5D-4E7F-9A1B-2D4C6E8F0A12} = {D14B9A9B-4D4F-4B77-A6DE-DA10E6F665F6}
		{C1D2E3F4-A5B6-7890-1234-567890ABCDEF} = {02EA681E-C7D8-13C7-8484-4AC65E1B71E8}
		{F1A2B3C4-D5E6-7890-ABCD-EF1234567890} = {B1B8279E-0A79-48F1-955F-8402D93868E1}
		{A1B2C3D4-E5F6-7890-ABCD-EF1234567891} = {C1D2E3F4-A5B6-7890-1234-567890ABCDEF}
		{B1C2D3E4-F5A6-7890-BCDE-F12345678901} = {A1B2C3D4-E5F6-7890-ABCD-EF1234567891}
		{A2B3C4D5-E6F7-8901-BCDE-F12345678902} = {C1D2E3F4-A5B6-7890-1234-567890ABCDEF}
		{B2C3D4E5-F6A7-8901-CDEF-123456789012} = {A2B3C4D5-E6F7-8901-BCDE-F12345678902}
	EndGlobalSection
	GlobalSection(ExtensibilityGlobals) = postSolution
		SolutionGuid = {A7FBFA81-6B16-41F5-A8F9-86274E48397F}
	EndGlobalSection
EndGlobal
